{
  "name": "Dreamweaver Python",
  "lockfileVersion": 3,
  "requires": true,
  "packages": {
    "": {
      "dependencies": {
        "dockview-core": "^5.2.0"
      }
    },
    "node_modules/dockview-core": {
      "version": "5.2.0",
      "resolved": "https://registry.npmjs.org/dockview-core/-/dockview-core-5.2.0.tgz",
      "integrity": "sha512-Gib8yhK2Ng7w47ASvbUZ7GdhBYbeXEflbIDxf/vobdQBMrN/QXmPaouSsSSkEx5YH0N8ap8GYljfvqjug7h5Fg==",
      "license": "MIT"
    }
  }
}
